
Microsoft Visual Studio Solution File, Format Version 12.00
# Visual Studio 15
VisualStudioVersion = 15.0.25807.0
MinimumVisualStudioVersion = 10.0.40219.1
Project("{2150E333-8FDC-42A3-9474-1A3956D46DE8}") = "Engine", "Engine", "{5BCAACF8-B35C-487B-A2AE-EEA9879459D5}"
EndProject
Project("{2150E333-8FDC-42A3-9474-1A3956D46DE8}") = "Games", "Games", "{0D2CC0EB-0C27-4950-8C13-AE9CCF9D4267}"
EndProject
Project("{8BC9CEB8-8B4A-11D0-8D11-00A0C91BC942}") = "UE4", "Intermediate\ProjectFiles\UE4.vcxproj", "{92D513F7-8C96-4F6A-A373-E8B20E4AC583}"
EndProject
Project("{8BC9CEB8-8B4A-11D0-8D11-00A0C91BC942}") = "BreakOut", "Intermediate\ProjectFiles\BreakOut.vcxproj", "{A70A233B-3FB5-491C-A7A6-9632E5CD9F0C}"
EndProject
Project("{2150E333-8FDC-42A3-9474-1A3956D46DE8}") = "Visualizers", "Visualizers", "{98C4B043-E9E0-4C98-BB8E-99102627F575}"
	ProjectSection(SolutionItems) = preProject
		D:\Epic Games\UE_4.22\Engine\Extras\VisualStudioDebugging\UE4.natvis = D:\Epic Games\UE_4.22\Engine\Extras\VisualStudioDebugging\UE4.natvis
	EndProjectSection
EndProject
Global
	GlobalSection(SolutionConfigurationPlatforms) = preSolution
		DebugGame Editor|Android = DebugGame Editor|Android
		DebugGame Editor|HTML5 = DebugGame Editor|HTML5
		DebugGame Editor|Linux = DebugGame Editor|Linux
		DebugGame Editor|Win32 = DebugGame Editor|Win32
		DebugGame Editor|Win64 = DebugGame Editor|Win64
		DebugGame|Android = DebugGame|Android
		DebugGame|HTML5 = DebugGame|HTML5
		DebugGame|Linux = DebugGame|Linux
		DebugGame|Win32 = DebugGame|Win32
		DebugGame|Win64 = DebugGame|Win64
		Development Editor|Android = Development Editor|Android
		Development Editor|HTML5 = Development Editor|HTML5
		Development Editor|Linux = Development Editor|Linux
		Development Editor|Win32 = Development Editor|Win32
		Development Editor|Win64 = Development Editor|Win64
		Development|Android = Development|Android
		Development|HTML5 = Development|HTML5
		Development|Linux = Development|Linux
		Development|Win32 = Development|Win32
		Development|Win64 = Development|Win64
		Shipping|Android = Shipping|Android
		Shipping|HTML5 = Shipping|HTML5
		Shipping|Linux = Shipping|Linux
		Shipping|Win32 = Shipping|Win32
		Shipping|Win64 = Shipping|Win64
	EndGlobalSection
	GlobalSection(ProjectConfigurationPlatforms) = postSolution
		{92D513F7-8C96-4F6A-A373-E8B20E4AC583}.DebugGame Editor|Android.ActiveCfg = BuiltWithUnrealBuildTool|Win32
		{92D513F7-8C96-4F6A-A373-E8B20E4AC583}.DebugGame Editor|HTML5.ActiveCfg = BuiltWithUnrealBuildTool|Win32
		{92D513F7-8C96-4F6A-A373-E8B20E4AC583}.DebugGame Editor|Linux.ActiveCfg = BuiltWithUnrealBuildTool|Win32
		{92D513F7-8C96-4F6A-A373-E8B20E4AC583}.DebugGame Editor|Win32.ActiveCfg = BuiltWithUnrealBuildTool|Win32
		{92D513F7-8C96-4F6A-A373-E8B20E4AC583}.DebugGame Editor|Win64.ActiveCfg = BuiltWithUnrealBuildTool|Win32
		{92D513F7-8C96-4F6A-A373-E8B20E4AC583}.DebugGame|Android.ActiveCfg = BuiltWithUnrealBuildTool|Win32
		{92D513F7-8C96-4F6A-A373-E8B20E4AC583}.DebugGame|HTML5.ActiveCfg = BuiltWithUnrealBuildTool|Win32
		{92D513F7-8C96-4F6A-A373-E8B20E4AC583}.DebugGame|Linux.ActiveCfg = BuiltWithUnrealBuildTool|Win32
		{92D513F7-8C96-4F6A-A373-E8B20E4AC583}.DebugGame|Win32.ActiveCfg = BuiltWithUnrealBuildTool|Win32
		{92D513F7-8C96-4F6A-A373-E8B20E4AC583}.DebugGame|Win64.ActiveCfg = BuiltWithUnrealBuildTool|Win32
		{92D513F7-8C96-4F6A-A373-E8B20E4AC583}.Development Editor|Android.ActiveCfg = BuiltWithUnrealBuildTool|Win32
		{92D513F7-8C96-4F6A-A373-E8B20E4AC583}.Development Editor|HTML5.ActiveCfg = BuiltWithUnrealBuildTool|Win32
		{92D513F7-8C96-4F6A-A373-E8B20E4AC583}.Development Editor|Linux.ActiveCfg = BuiltWithUnrealBuildTool|Win32
		{92D513F7-8C96-4F6A-A373-E8B20E4AC583}.Development Editor|Win32.ActiveCfg = BuiltWithUnrealBuildTool|Win32
		{92D513F7-8C96-4F6A-A373-E8B20E4AC583}.Development Editor|Win64.ActiveCfg = BuiltWithUnrealBuildTool|Win32
		{92D513F7-8C96-4F6A-A373-E8B20E4AC583}.Development|Android.ActiveCfg = BuiltWithUnrealBuildTool|Win32
		{92D513F7-8C96-4F6A-A373-E8B20E4AC583}.Development|HTML5.ActiveCfg = BuiltWithUnrealBuildTool|Win32
		{92D513F7-8C96-4F6A-A373-E8B20E4AC583}.Development|Linux.ActiveCfg = BuiltWithUnrealBuildTool|Win32
		{92D513F7-8C96-4F6A-A373-E8B20E4AC583}.Development|Win32.ActiveCfg = BuiltWithUnrealBuildTool|Win32
		{92D513F7-8C96-4F6A-A373-E8B20E4AC583}.Development|Win64.ActiveCfg = BuiltWithUnrealBuildTool|Win32
		{92D513F7-8C96-4F6A-A373-E8B20E4AC583}.Shipping|Android.ActiveCfg = BuiltWithUnrealBuildTool|Win32
		{92D513F7-8C96-4F6A-A373-E8B20E4AC583}.Shipping|HTML5.ActiveCfg = BuiltWithUnrealBuildTool|Win32
		{92D513F7-8C96-4F6A-A373-E8B20E4AC583}.Shipping|Linux.ActiveCfg = BuiltWithUnrealBuildTool|Win32
		{92D513F7-8C96-4F6A-A373-E8B20E4AC583}.Shipping|Win32.ActiveCfg = BuiltWithUnrealBuildTool|Win32
		{92D513F7-8C96-4F6A-A373-E8B20E4AC583}.Shipping|Win64.ActiveCfg = BuiltWithUnrealBuildTool|Win32
		{A70A233B-3FB5-491C-A7A6-9632E5CD9F0C}.DebugGame Editor|Android.ActiveCfg = Invalid|Win32
		{A70A233B-3FB5-491C-A7A6-9632E5CD9F0C}.DebugGame Editor|HTML5.ActiveCfg = Invalid|Win32
		{A70A233B-3FB5-491C-A7A6-9632E5CD9F0C}.DebugGame Editor|Linux.ActiveCfg = Linux_DebugGame_Editor|Win32
		{A70A233B-3FB5-491C-A7A6-9632E5CD9F0C}.DebugGame Editor|Linux.Build.0 = Linux_DebugGame_Editor|Win32
		{A70A233B-3FB5-491C-A7A6-9632E5CD9F0C}.DebugGame Editor|Win32.ActiveCfg = Invalid|Win32
		{A70A233B-3FB5-491C-A7A6-9632E5CD9F0C}.DebugGame Editor|Win64.ActiveCfg = DebugGame_Editor|x64
		{A70A233B-3FB5-491C-A7A6-9632E5CD9F0C}.DebugGame Editor|Win64.Build.0 = DebugGame_Editor|x64
		{A70A233B-3FB5-491C-A7A6-9632E5CD9F0C}.DebugGame|Android.ActiveCfg = Android_DebugGame|Win32
		{A70A233B-3FB5-491C-A7A6-9632E5CD9F0C}.DebugGame|Android.Build.0 = Android_DebugGame|Win32
		{A70A233B-3FB5-491C-A7A6-9632E5CD9F0C}.DebugGame|HTML5.ActiveCfg = HTML5_DebugGame|Win32
		{A70A233B-3FB5-491C-A7A6-9632E5CD9F0C}.DebugGame|HTML5.Build.0 = HTML5_DebugGame|Win32
		{A70A233B-3FB5-491C-A7A6-9632E5CD9F0C}.DebugGame|Linux.ActiveCfg = Linux_DebugGame|Win32
		{A70A233B-3FB5-491C-A7A6-9632E5CD9F0C}.DebugGame|Linux.Build.0 = Linux_DebugGame|Win32
		{A70A233B-3FB5-491C-A7A6-9632E5CD9F0C}.DebugGame|Win32.ActiveCfg = DebugGame|Win32
		{A70A233B-3FB5-491C-A7A6-9632E5CD9F0C}.DebugGame|Win32.Build.0 = DebugGame|Win32
		{A70A233B-3FB5-491C-A7A6-9632E5CD9F0C}.DebugGame|Win64.ActiveCfg = DebugGame|x64
		{A70A233B-3FB5-491C-A7A6-9632E5CD9F0C}.DebugGame|Win64.Build.0 = DebugGame|x64
		{A70A233B-3FB5-491C-A7A6-9632E5CD9F0C}.Development Editor|Android.ActiveCfg = Invalid|Win32
		{A70A233B-3FB5-491C-A7A6-9632E5CD9F0C}.Development Editor|HTML5.ActiveCfg = Invalid|Win32
		{A70A233B-3FB5-491C-A7A6-9632E5CD9F0C}.Development Editor|Linux.ActiveCfg = Linux_Development_Editor|Win32
		{A70A233B-3FB5-491C-A7A6-9632E5CD9F0C}.Development Editor|Linux.Build.0 = Linux_Development_Editor|Win32
		{A70A233B-3FB5-491C-A7A6-9632E5CD9F0C}.Development Editor|Win32.ActiveCfg = Invalid|Win32
		{A70A233B-3FB5-491C-A7A6-9632E5CD9F0C}.Development Editor|Win64.ActiveCfg = Development_Editor|x64
		{A70A233B-3FB5-491C-A7A6-9632E5CD9F0C}.Development Editor|Win64.Build.0 = Development_Editor|x64
		{A70A233B-3FB5-491C-A7A6-9632E5CD9F0C}.Development|Android.ActiveCfg = Android_Development|Win32
		{A70A233B-3FB5-491C-A7A6-9632E5CD9F0C}.Development|Android.Build.0 = Android_Development|Win32
		{A70A233B-3FB5-491C-A7A6-9632E5CD9F0C}.Development|HTML5.ActiveCfg = HTML5_Development|Win32
		{A70A233B-3FB5-491C-A7A6-9632E5CD9F0C}.Development|HTML5.Build.0 = HTML5_Development|Win32
		{A70A233B-3FB5-491C-A7A6-9632E5CD9F0C}.Development|Linux.ActiveCfg = Linux_Development|Win32
		{A70A233B-3FB5-491C-A7A6-9632E5CD9F0C}.Development|Linux.Build.0 = Linux_Development|Win32
		{A70A233B-3FB5-491C-A7A6-9632E5CD9F0C}.Development|Win32.ActiveCfg = Development|Win32
		{A70A233B-3FB5-491C-A7A6-9632E5CD9F0C}.Development|Win32.Build.0 = Development|Win32
		{A70A233B-3FB5-491C-A7A6-9632E5CD9F0C}.Development|Win64.ActiveCfg = Development|x64
		{A70A233B-3FB5-491C-A7A6-9632E5CD9F0C}.Development|Win64.Build.0 = Development|x64
		{A70A233B-3FB5-491C-A7A6-9632E5CD9F0C}.Shipping|Android.ActiveCfg = Android_Shipping|Win32
		{A70A233B-3FB5-491C-A7A6-9632E5CD9F0C}.Shipping|Android.Build.0 = Android_Shipping|Win32
		{A70A233B-3FB5-491C-A7A6-9632E5CD9F0C}.Shipping|HTML5.ActiveCfg = HTML5_Shipping|Win32
		{A70A233B-3FB5-491C-A7A6-9632E5CD9F0C}.Shipping|HTML5.Build.0 = HTML5_Shipping|Win32
		{A70A233B-3FB5-491C-A7A6-9632E5CD9F0C}.Shipping|Linux.ActiveCfg = Linux_Shipping|Win32
		{A70A233B-3FB5-491C-A7A6-9632E5CD9F0C}.Shipping|Linux.Build.0 = Linux_Shipping|Win32
		{A70A233B-3FB5-491C-A7A6-9632E5CD9F0C}.Shipping|Win32.ActiveCfg = Shipping|Win32
		{A70A233B-3FB5-491C-A7A6-9632E5CD9F0C}.Shipping|Win32.Build.0 = Shipping|Win32
		{A70A233B-3FB5-491C-A7A6-9632E5CD9F0C}.Shipping|Win64.ActiveCfg = Shipping|x64
		{A70A233B-3FB5-491C-A7A6-9632E5CD9F0C}.Shipping|Win64.Build.0 = Shipping|x64
	EndGlobalSection
	GlobalSection(SolutionProperties) = preSolution
		HideSolutionNode = FALSE
	EndGlobalSection
	GlobalSection(NestedProjects) = preSolution
		{92D513F7-8C96-4F6A-A373-E8B20E4AC583} = {5BCAACF8-B35C-487B-A2AE-EEA9879459D5}
		{A70A233B-3FB5-491C-A7A6-9632E5CD9F0C} = {0D2CC0EB-0C27-4950-8C13-AE9CCF9D4267}
	EndGlobalSection
EndGlobal
